// !$*UTF8*$!
{
	archiveVersion = 1;
	classes = {
	};
	objectVersion = 46;
	objects = {

/* Begin PBXBuildFile section */
		CDBB0BEA1F261A77007550D2 /* StaffSelectAnimator.swift in Sources */ = {isa = PBXBuildFile; fileRef = CDBB0BD01F261A77007550D2 /* StaffSelectAnimator.swift */; };
		CDBB0BEB1F261A77007550D2 /* AppDelegate.swift in Sources */ = {isa = PBXBuildFile; fileRef = CDBB0BD11F261A77007550D2 /* AppDelegate.swift */; };
		CDBB0BEC1F261A77007550D2 /* Assets.xcassets in Resources */ = {isa = PBXBuildFile; fileRef = CDBB0BD21F261A77007550D2 /* Assets.xcassets */; };
		CDBB0BED1F261A77007550D2 /* LaunchScreen.storyboard in Resources */ = {isa = PBXBuildFile; fileRef = CDBB0BD31F261A77007550D2 /* LaunchScreen.storyboard */; };
		CDBB0BEE1F261A77007550D2 /* Main.storyboard in Resources */ = {isa = PBXBuildFile; fileRef = CDBB0BD51F261A77007550D2 /* Main.storyboard */; };
		CDBB0BEF1F261A77007550D2 /* StaffCollectionViewCell.swift in Sources */ = {isa = PBXBuildFile; fileRef = CDBB0BD91F261A77007550D2 /* StaffCollectionViewCell.swift */; };
		CDBB0BF01F261A77007550D2 /* StaffCollectionViewCell.xib in Resources */ = {isa = PBXBuildFile; fileRef = CDBB0BDA1F261A77007550D2 /* StaffCollectionViewCell.xib */; };
		CDBB0BF11F261A77007550D2 /* StaffCollectionView.swift in Sources */ = {isa = PBXBuildFile; fileRef = CDBB0BDB1F261A77007550D2 /* StaffCollectionView.swift */; };
		CDBB0BF21F261A77007550D2 /* StaffCollectionView.xib in Resources */ = {isa = PBXBuildFile; fileRef = CDBB0BDC1F261A77007550D2 /* StaffCollectionView.xib */; };
		CDBB0BF31F261A77007550D2 /* StaffCollectionModel.swift in Sources */ = {isa = PBXBuildFile; fileRef = CDBB0BDD1F261A77007550D2 /* StaffCollectionModel.swift */; };
		CDBB0BF41F261A77007550D2 /* Staff.swift in Sources */ = {isa = PBXBuildFile; fileRef = CDBB0BDF1F261A77007550D2 /* Staff.swift */; };
		CDBB0BF51F261A77007550D2 /* UICollectionViewCell.swift in Sources */ = {isa = PBXBuildFile; fileRef = CDBB0BE11F261A77007550D2 /* UICollectionViewCell.swift */; };
		CDBB0BF61F261A77007550D2 /* UIImageView.swift in Sources */ = {isa = PBXBuildFile; fileRef = CDBB0BE21F261A77007550D2 /* UIImageView.swift */; };
		CDBB0BF71F261A77007550D2 /* UIView+xib.swift in Sources */ = {isa = PBXBuildFile; fileRef = CDBB0BE31F261A77007550D2 /* UIView+xib.swift */; };
		CDBB0BF81F261A77007550D2 /* UserDefaults+Name.swift in Sources */ = {isa = PBXBuildFile; fileRef = CDBB0BE41F261A77007550D2 /* UserDefaults+Name.swift */; };
		CDBB0BF91F261A77007550D2 /* Info.plist in Resources */ = {isa = PBXBuildFile; fileRef = CDBB0BE51F261A77007550D2 /* Info.plist */; };
		CDBB0BFA1F261A77007550D2 /* InputPhraseView.swift in Sources */ = {isa = PBXBuildFile; fileRef = CDBB0BE71F261A77007550D2 /* InputPhraseView.swift */; };
		CDBB0BFB1F261A77007550D2 /* RoundedTextView.swift in Sources */ = {isa = PBXBuildFile; fileRef = CDBB0BE81F261A77007550D2 /* RoundedTextView.swift */; };
		CDBB0BFC1F261A77007550D2 /* ViewController.swift in Sources */ = {isa = PBXBuildFile; fileRef = CDBB0BE91F261A77007550D2 /* ViewController.swift */; };
/* End PBXBuildFile section */

/* Begin PBXFileReference section */
		CD2DB1251F25D9BC00ED1DF9 /* StaffAnimation.app */ = {isa = PBXFileReference; explicitFileType = wrapper.application; includeInIndex = 0; path = StaffAnimation.app; sourceTree = BUILT_PRODUCTS_DIR; };
		CDBB0BD01F261A77007550D2 /* StaffSelectAnimator.swift */ = {isa = PBXFileReference; fileEncoding = 4; lastKnownFileType = sourcecode.swift; path = StaffSelectAnimator.swift; sourceTree = "<group>"; };
		CDBB0BD11F261A77007550D2 /* AppDelegate.swift */ = {isa = PBXFileReference; fileEncoding = 4; lastKnownFileType = sourcecode.swift; path = AppDelegate.swift; sourceTree = "<group>"; };
		CDBB0BD21F261A77007550D2 /* Assets.xcassets */ = {isa = PBXFileReference; lastKnownFileType = folder.assetcatalog; path = Assets.xcassets; sourceTree = "<group>"; };
		CDBB0BD41F261A77007550D2 /* Base */ = {isa = PBXFileReference; lastKnownFileType = file.storyboard; name = Base; path = Base.lproj/LaunchScreen.storyboard; sourceTree = "<group>"; };
		CDBB0BD61F261A77007550D2 /* Base */ = {isa = PBXFileReference; lastKnownFileType = file.storyboard; name = Base; path = Base.lproj/Main.storyboard; sourceTree = "<group>"; };
		CDBB0BD91F261A77007550D2 /* StaffCollectionViewCell.swift */ = {isa = PBXFileReference; fileEncoding = 4; lastKnownFileType = sourcecode.swift; path = StaffCollectionViewCell.swift; sourceTree = "<group>"; };
		CDBB0BDA1F261A77007550D2 /* StaffCollectionViewCell.xib */ = {isa = PBXFileReference; fileEncoding = 4; lastKnownFileType = file.xib; path = StaffCollectionViewCell.xib; sourceTree = "<group>"; };
		CDBB0BDB1F261A77007550D2 /* StaffCollectionView.swift */ = {isa = PBXFileReference; fileEncoding = 4; lastKnownFileType = sourcecode.swift; path = StaffCollectionView.swift; sourceTree = "<group>"; };
		CDBB0BDC1F261A77007550D2 /* StaffCollectionView.xib */ = {isa = PBXFileReference; fileEncoding = 4; lastKnownFileType = file.xib; path = StaffCollectionView.xib; sourceTree = "<group>"; };
		CDBB0BDD1F261A77007550D2 /* StaffCollectionModel.swift */ = {isa = PBXFileReference; fileEncoding = 4; lastKnownFileType = sourcecode.swift; path = StaffCollectionModel.swift; sourceTree = "<group>"; };
		CDBB0BDF1F261A77007550D2 /* Staff.swift */ = {isa = PBXFileReference; fileEncoding = 4; lastKnownFileType = sourcecode.swift; path = Staff.swift; sourceTree = "<group>"; };
		CDBB0BE11F261A77007550D2 /* UICollectionViewCell.swift */ = {isa = PBXFileReference; fileEncoding = 4; lastKnownFileType = sourcecode.swift; path = UICollectionViewCell.swift; sourceTree = "<group>"; };
		CDBB0BE21F261A77007550D2 /* UIImageView.swift */ = {isa = PBXFileReference; fileEncoding = 4; lastKnownFileType = sourcecode.swift; path = UIImageView.swift; sourceTree = "<group>"; };
		CDBB0BE31F261A77007550D2 /* UIView+xib.swift */ = {isa = PBXFileReference; fileEncoding = 4; lastKnownFileType = sourcecode.swift; path = "UIView+xib.swift"; sourceTree = "<group>"; };
		CDBB0BE41F261A77007550D2 /* UserDefaults+Name.swift */ = {isa = PBXFileReference; fileEncoding = 4; lastKnownFileType = sourcecode.swift; path = "UserDefaults+Name.swift"; sourceTree = "<group>"; };
		CDBB0BE51F261A77007550D2 /* Info.plist */ = {isa = PBXFileReference; fileEncoding = 4; lastKnownFileType = text.plist.xml; path = Info.plist; sourceTree = "<group>"; };
		CDBB0BE71F261A77007550D2 /* InputPhraseView.swift */ = {isa = PBXFileReference; fileEncoding = 4; lastKnownFileType = sourcecode.swift; path = InputPhraseView.swift; sourceTree = "<group>"; };
		CDBB0BE81F261A77007550D2 /* RoundedTextView.swift */ = {isa = PBXFileReference; fileEncoding = 4; lastKnownFileType = sourcecode.swift; path = RoundedTextView.swift; sourceTree = "<group>"; };
		CDBB0BE91F261A77007550D2 /* ViewController.swift */ = {isa = PBXFileReference; fileEncoding = 4; lastKnownFileType = sourcecode.swift; path = ViewController.swift; sourceTree = "<group>"; };
/* End PBXFileReference section */

/* Begin PBXFrameworksBuildPhase section */
		CD2DB1221F25D9BC00ED1DF9 /* Frameworks */ = {
			isa = PBXFrameworksBuildPhase;
			buildActionMask = 2147483647;
			files = (
			);
			runOnlyForDeploymentPostprocessing = 0;
		};
/* End PBXFrameworksBuildPhase section */

/* Begin PBXGroup section */
		CD2DB11C1F25D9BC00ED1DF9 = {
			isa = PBXGroup;
			children = (
				CDBB0BCE1F261A77007550D2 /* StaffAnimation */,
				CD2DB1261F25D9BC00ED1DF9 /* Products */,
			);
			sourceTree = "<group>";
		};
		CD2DB1261F25D9BC00ED1DF9 /* Products */ = {
			isa = PBXGroup;
			children = (
				CD2DB1251F25D9BC00ED1DF9 /* StaffAnimation.app */,
			);
			name = Products;
			sourceTree = "<group>";
		};
		CDBB0BCE1F261A77007550D2 /* StaffAnimation */ = {
			isa = PBXGroup;
			children = (
				CDBB0BCF1F261A77007550D2 /* Animation */,
				CDBB0BE01F261A77007550D2 /* Extensions */,
				CDBB0BDE1F261A77007550D2 /* Entities */,
				CDBB0BE61F261A77007550D2 /* View */,
				CDBB0BD71F261A77007550D2 /* CollectionView */,
				CDBB0BE91F261A77007550D2 /* ViewController.swift */,
				CDBB0BD51F261A77007550D2 /* Main.storyboard */,
				CDBB0BD11F261A77007550D2 /* AppDelegate.swift */,
				CDBB0BD21F261A77007550D2 /* Assets.xcassets */,
				CDBB0BD31F261A77007550D2 /* LaunchScreen.storyboard */,
				CDBB0BE51F261A77007550D2 /* Info.plist */,
			);
			path = StaffAnimation;
			sourceTree = "<group>";
		};
		CDBB0BCF1F261A77007550D2 /* Animation */ = {
			isa = PBXGroup;
			children = (
				CDBB0BD01F261A77007550D2 /* StaffSelectAnimator.swift */,
			);
			path = Animation;
			sourceTree = "<group>";
		};
		CDBB0BD71F261A77007550D2 /* CollectionView */ = {
			isa = PBXGroup;
			children = (
				CDBB0BD81F261A77007550D2 /* Cell */,
				CDBB0BDC1F261A77007550D2 /* StaffCollectionView.xib */,
				CDBB0BDB1F261A77007550D2 /* StaffCollectionView.swift */,
				CDBB0BDD1F261A77007550D2 /* StaffCollectionModel.swift */,
			);
			path = CollectionView;
			sourceTree = "<group>";
		};
		CDBB0BD81F261A77007550D2 /* Cell */ = {
			isa = PBXGroup;
			children = (
				CDBB0BDA1F261A77007550D2 /* StaffCollectionViewCell.xib */,
				CDBB0BD91F261A77007550D2 /* StaffCollectionViewCell.swift */,
			);
			path = Cell;
			sourceTree = "<group>";
		};
		CDBB0BDE1F261A77007550D2 /* Entities */ = {
			isa = PBXGroup;
			children = (
				CDBB0BDF1F261A77007550D2 /* Staff.swift */,
			);
			path = Entities;
			sourceTree = "<group>";
		};
		CDBB0BE01F261A77007550D2 /* Extensions */ = {
			isa = PBXGroup;
			children = (
				CDBB0BE11F261A77007550D2 /* UICollectionViewCell.swift */,
				CDBB0BE21F261A77007550D2 /* UIImageView.swift */,
				CDBB0BE31F261A77007550D2 /* UIView+xib.swift */,
				CDBB0BE41F261A77007550D2 /* UserDefaults+Name.swift */,
			);
			path = Extensions;
			sourceTree = "<group>";
		};
		CDBB0BE61F261A77007550D2 /* View */ = {
			isa = PBXGroup;
			children = (
				CDBB0BE71F261A77007550D2 /* InputPhraseView.swift */,
				CDBB0BE81F261A77007550D2 /* RoundedTextView.swift */,
			);
			path = View;
			sourceTree = "<group>";
		};
/* End PBXGroup section */

/* Begin PBXNativeTarget section */
		CD2DB1241F25D9BC00ED1DF9 /* StaffAnimation */ = {
			isa = PBXNativeTarget;
			buildConfigurationList = CD2DB1371F25D9BC00ED1DF9 /* Build configuration list for PBXNativeTarget "StaffAnimation" */;
			buildPhases = (
				CD2DB1211F25D9BC00ED1DF9 /* Sources */,
				CD2DB1221F25D9BC00ED1DF9 /* Frameworks */,
				CD2DB1231F25D9BC00ED1DF9 /* Resources */,
			);
			buildRules = (
			);
			dependencies = (
			);
			name = StaffAnimation;
			productName = CharacterAnimation;
			productReference = CD2DB1251F25D9BC00ED1DF9 /* StaffAnimation.app */;
			productType = "com.apple.product-type.application";
		};
/* End PBXNativeTarget section */

/* Begin PBXProject section */
		CD2DB11D1F25D9BC00ED1DF9 /* Project object */ = {
			isa = PBXProject;
			attributes = {
				LastSwiftUpdateCheck = 0830;
				LastUpgradeCheck = 0830;
				ORGANIZATIONNAME = Artjoker;
				TargetAttributes = {
					CD2DB1241F25D9BC00ED1DF9 = {
						CreatedOnToolsVersion = 8.3.3;
						ProvisioningStyle = Automatic;
					};
				};
			};
			buildConfigurationList = CD2DB1201F25D9BC00ED1DF9 /* Build configuration list for PBXProject "StaffAnimation" */;
			compatibilityVersion = "Xcode 3.2";
			developmentRegion = English;
			hasScannedForEncodings = 0;
			knownRegions = (
				en,
				Base,
			);
			mainGroup = CD2DB11C1F25D9BC00ED1DF9;
			productRefGroup = CD2DB1261F25D9BC00ED1DF9 /* Products */;
			projectDirPath = "";
			projectRoot = "";
			targets = (
				CD2DB1241F25D9BC00ED1DF9 /* StaffAnimation */,
			);
		};
/* End PBXProject section */

/* Begin PBXResourcesBuildPhase section */
		CD2DB1231F25D9BC00ED1DF9 /* Resources */ = {
			isa = PBXResourcesBuildPhase;
			buildActionMask = 2147483647;
			files = (
				CDBB0BEE1F261A77007550D2 /* Main.storyboard in Resources */,
				CDBB0BEC1F261A77007550D2 /* Assets.xcassets in Resources */,
				CDBB0BF91F261A77007550D2 /* Info.plist in Resources */,
				CDBB0BF21F261A77007550D2 /* StaffCollectionView.xib in Resources */,
				CDBB0BED1F261A77007550D2 /* LaunchScreen.storyboard in Resources */,
				CDBB0BF01F261A77007550D2 /* StaffCollectionViewCell.xib in Resources */,
			);
			runOnlyForDeploymentPostprocessing = 0;
		};
/* End PBXResourcesBuildPhase section */

/* Begin PBXSourcesBuildPhase section */
		CD2DB1211F25D9BC00ED1DF9 /* Sources */ = {
			isa = PBXSourcesBuildPhase;
			buildActionMask = 2147483647;
			files = (
				CDBB0BF61F261A77007550D2 /* UIImageView.swift in Sources */,
				CDBB0BFB1F261A77007550D2 /* RoundedTextView.swift in Sources */,
				CDBB0BF41F261A77007550D2 /* Staff.swift in Sources */,
				CDBB0BF51F261A77007550D2 /* UICollectionViewCell.swift in Sources */,
				CDBB0BF71F261A77007550D2 /* UIView+xib.swift in Sources */,
				CDBB0BEB1F261A77007550D2 /* AppDelegate.swift in Sources */,
				CDBB0BEF1F261A77007550D2 /* StaffCollectionViewCell.swift in Sources */,
				CDBB0BEA1F261A77007550D2 /* StaffSelectAnimator.swift in Sources */,
				CDBB0BFC1F261A77007550D2 /* ViewController.swift in Sources */,
				CDBB0BF81F261A77007550D2 /* UserDefaults+Name.swift in Sources */,
				CDBB0BF31F261A77007550D2 /* StaffCollectionModel.swift in Sources */,
				CDBB0BF11F261A77007550D2 /* StaffCollectionView.swift in Sources */,
				CDBB0BFA1F261A77007550D2 /* InputPhraseView.swift in Sources */,
			);
			runOnlyForDeploymentPostprocessing = 0;
		};
/* End PBXSourcesBuildPhase section */

/* Begin PBXVariantGroup section */
		CDBB0BD31F261A77007550D2 /* LaunchScreen.storyboard */ = {
			isa = PBXVariantGroup;
			children = (
				CDBB0BD41F261A77007550D2 /* Base */,
			);
			name = LaunchScreen.storyboard;
			sourceTree = "<group>";
		};
		CDBB0BD51F261A77007550D2 /* Main.storyboard */ = {
			isa = PBXVariantGroup;
			children = (
				CDBB0BD61F261A77007550D2 /* Base */,
			);
			name = Main.storyboard;
			sourceTree = "<group>";
		};
/* End PBXVariantGroup section */

/* Begin XCBuildConfiguration section */
		CD2DB1351F25D9BC00ED1DF9 /* Debug */ = {
			isa = XCBuildConfiguration;
			buildSettings = {
				ALWAYS_SEARCH_USER_PATHS = NO;
				CLANG_ANALYZER_NONNULL = YES;
				CLANG_ANALYZER_NUMBER_OBJECT_CONVERSION = YES_AGGRESSIVE;
				CLANG_CXX_LANGUAGE_STANDARD = "gnu++0x";
				CLANG_CXX_LIBRARY = "libc++";
				CLANG_ENABLE_MODULES = YES;
				CLANG_ENABLE_OBJC_ARC = YES;
				CLANG_WARN_BOOL_CONVERSION = YES;
				CLANG_WARN_CONSTANT_CONVERSION = YES;
				CLANG_WARN_DIRECT_OBJC_ISA_USAGE = YES_ERROR;
				CLANG_WARN_DOCUMENTATION_COMMENTS = YES;
				CLANG_WARN_EMPTY_BODY = YES;
				CLANG_WARN_ENUM_CONVERSION = YES;
				CLANG_WARN_INFINITE_RECURSION = YES;
				CLANG_WARN_INT_CONVERSION = YES;
				CLANG_WARN_OBJC_ROOT_CLASS = YES_ERROR;
				CLANG_WARN_SUSPICIOUS_MOVE = YES;
				CLANG_WARN_UNREACHABLE_CODE = YES;
				CLANG_WARN__DUPLICATE_METHOD_MATCH = YES;
				"CODE_SIGN_IDENTITY[sdk=iphoneos*]" = "iPhone Developer";
				COPY_PHASE_STRIP = NO;
				DEBUG_INFORMATION_FORMAT = dwarf;
				ENABLE_STRICT_OBJC_MSGSEND = YES;
				ENABLE_TESTABILITY = YES;
				GCC_C_LANGUAGE_STANDARD = gnu99;
				GCC_DYNAMIC_NO_PIC = NO;
				GCC_NO_COMMON_BLOCKS = YES;
				GCC_OPTIMIZATION_LEVEL = 0;
				GCC_PREPROCESSOR_DEFINITIONS = (
					"DEBUG=1",
					"$(inherited)",
				);
				GCC_WARN_64_TO_32_BIT_CONVERSION = YES;
				GCC_WARN_ABOUT_RETURN_TYPE = YES_ERROR;
				GCC_WARN_UNDECLARED_SELECTOR = YES;
				GCC_WARN_UNINITIALIZED_AUTOS = YES_AGGRESSIVE;
				GCC_WARN_UNUSED_FUNCTION = YES;
				GCC_WARN_UNUSED_VARIABLE = YES;
				IPHONEOS_DEPLOYMENT_TARGET = 10.3;
				MTL_ENABLE_DEBUG_INFO = YES;
				ONLY_ACTIVE_ARCH = YES;
				SDKROOT = iphoneos;
				SWIFT_ACTIVE_COMPILATION_CONDITIONS = DEBUG;
				SWIFT_OPTIMIZATION_LEVEL = "-Onone";
				TARGETED_DEVICE_FAMILY = "1,2";
			};
			name = Debug;
		};
		CD2DB1361F25D9BC00ED1DF9 /* Release */ = {
			isa = XCBuildConfiguration;
			buildSettings = {
				ALWAYS_SEARCH_USER_PATHS = NO;
				CLANG_ANALYZER_NONNULL = YES;
				CLANG_ANALYZER_NUMBER_OBJECT_CONVERSION = YES_AGGRESSIVE;
				CLANG_CXX_LANGUAGE_STANDARD = "gnu++0x";
				CLANG_CXX_LIBRARY = "libc++";
				CLANG_ENABLE_MODULES = YES;
				CLANG_ENABLE_OBJC_ARC = YES;
				CLANG_WARN_BOOL_CONVERSION = YES;
				CLANG_WARN_CONSTANT_CONVERSION = YES;
				CLANG_WARN_DIRECT_OBJC_ISA_USAGE = YES_ERROR;
				CLANG_WARN_DOCUMENTATION_COMMENTS = YES;
				CLANG_WARN_EMPTY_BODY = YES;
				CLANG_WARN_ENUM_CONVERSION = YES;
				CLANG_WARN_INFINITE_RECURSION = YES;
				CLANG_WARN_INT_CONVERSION = YES;
				CLANG_WARN_OBJC_ROOT_CLASS = YES_ERROR;
				CLANG_WARN_SUSPICIOUS_MOVE = YES;
				CLANG_WARN_UNREACHABLE_CODE = YES;
				CLANG_WARN__DUPLICATE_METHOD_MATCH = YES;
				"CODE_SIGN_IDENTITY[sdk=iphoneos*]" = "iPhone Developer";
				COPY_PHASE_STRIP = NO;
				DEBUG_INFORMATION_FORMAT = "dwarf-with-dsym";
				ENABLE_NS_ASSERTIONS = NO;
				ENABLE_STRICT_OBJC_MSGSEND = YES;
				GCC_C_LANGUAGE_STANDARD = gnu99;
				GCC_NO_COMMON_BLOCKS = YES;
				GCC_WARN_64_TO_32_BIT_CONVERSION = YES;
				GCC_WARN_ABOUT_RETURN_TYPE = YES_ERROR;
				GCC_WARN_UNDECLARED_SELECTOR = YES;
				GCC_WARN_UNINITIALIZED_AUTOS = YES_AGGRESSIVE;
				GCC_WARN_UNUSED_FUNCTION = YES;
				GCC_WARN_UNUSED_VARIABLE = YES;
				IPHONEOS_DEPLOYMENT_TARGET = 10.3;
				MTL_ENABLE_DEBUG_INFO = NO;
				SDKROOT = iphoneos;
				SWIFT_OPTIMIZATION_LEVEL = "-Owholemodule";
				TARGETED_DEVICE_FAMILY = "1,2";
				VALIDATE_PRODUCT = YES;
			};
			name = Release;
		};
		CD2DB1381F25D9BC00ED1DF9 /* Debug */ = {
			isa = XCBuildConfiguration;
			buildSettings = {
				ASSETCATALOG_COMPILER_APPICON_NAME = AppIcon;
				DEVELOPMENT_TEAM = "";
				INFOPLIST_FILE = StaffAnimation/Info.plist;
				LD_RUNPATH_SEARCH_PATHS = "$(inherited) @executable_path/Frameworks";
				PRODUCT_BUNDLE_IDENTIFIER = ua.artjoker.ios.staff.animation.StaffAnimation;
				PRODUCT_NAME = "$(TARGET_NAME)";
				SWIFT_VERSION = 3.0;
			};
			name = Debug;
		};
		CD2DB1391F25D9BC00ED1DF9 /* Release */ = {
			isa = XCBuildConfiguration;
			buildSettings = {
				ASSETCATALOG_COMPILER_APPICON_NAME = AppIcon;
				DEVELOPMENT_TEAM = "";
				INFOPLIST_FILE = StaffAnimation/Info.plist;
				LD_RUNPATH_SEARCH_PATHS = "$(inherited) @executable_path/Frameworks";
				PRODUCT_BUNDLE_IDENTIFIER = ua.artjoker.ios.staff.animation.StaffAnimation;
				PRODUCT_NAME = "$(TARGET_NAME)";
				SWIFT_VERSION = 3.0;
			};
			name = Release;
		};
/* End XCBuildConfiguration section */

/* Begin XCConfigurationList section */
		CD2DB1201F25D9BC00ED1DF9 /* Build configuration list for PBXProject "StaffAnimation" */ = {
			isa = XCConfigurationList;
			buildConfigurations = (
				CD2DB1351F25D9BC00ED1DF9 /* Debug */,
				CD2DB1361F25D9BC00ED1DF9 /* Release */,
			);
			defaultConfigurationIsVisible = 0;
			defaultConfigurationName = Release;
		};
		CD2DB1371F25D9BC00ED1DF9 /* Build configuration list for PBXNativeTarget "StaffAnimation" */ = {
			isa = XCConfigurationList;
			buildConfigurations = (
				CD2DB1381F25D9BC00ED1DF9 /* Debug */,
				CD2DB1391F25D9BC00ED1DF9 /* Release */,
			);
			defaultConfigurationIsVisible = 0;
			defaultConfigurationName = Release;
		};
/* End XCConfigurationList section */
	};
	rootObject = CD2DB11D1F25D9BC00ED1DF9 /* Project object */;
}
